
Microsoft Visual Studio Solution File, Format Version 10.00
# Visual Studio 2008
Project("{8BC9CEB8-8B4A-11D0-8D11-00A0C91BC942}") = "MQ2Bzsrch", "MQ2Bzsrch\MQ2Bzsrch.vcproj", "{CA2BB0D6-789B-474D-88E5-55682945A14A}"
	ProjectSection(ProjectDependencies) = postProject
		{2A0A06A4-E9C6-4229-82EE-BD2D4E0A7221} = {2A0A06A4-E9C6-4229-82EE-BD2D4E0A7221}
	EndProjectSection
EndProject
Project("{8BC9CEB8-8B4A-11D0-8D11-00A0C91BC942}") = "MQ2Chat", "MQ2Chat\MQ2Chat.vcproj", "{D43171FB-8208-4E52-860A-6BAE2A2FA573}"
	ProjectSection(ProjectDependencies) = postProject
		{2A0A06A4-E9C6-4229-82EE-BD2D4E0A7221} = {2A0A06A4-E9C6-4229-82EE-BD2D4E0A7221}
	EndProjectSection
EndProject
Project("{8BC9CEB8-8B4A-11D0-8D11-00A0C91BC942}") = "MQ2ChatWnd", "MQ2ChatWnd\MQ2ChatWnd.vcproj", "{CC6170BA-FA88-4137-8CC1-7756EB4DAC8D}"
	ProjectSection(ProjectDependencies) = postProject
		{2A0A06A4-E9C6-4229-82EE-BD2D4E0A7221} = {2A0A06A4-E9C6-4229-82EE-BD2D4E0A7221}
	EndProjectSection
EndProject
Project("{8BC9CEB8-8B4A-11D0-8D11-00A0C91BC942}") = "MQ2CustomBinds", "MQ2CustomBinds\MQ2CustomBinds.vcproj", "{6647EF10-36F6-47B9-941A-9C7C366F338C}"
	ProjectSection(ProjectDependencies) = postProject
		{2A0A06A4-E9C6-4229-82EE-BD2D4E0A7221} = {2A0A06A4-E9C6-4229-82EE-BD2D4E0A7221}
	EndProjectSection
EndProject
Project("{8BC9CEB8-8B4A-11D0-8D11-00A0C91BC942}") = "MQ2EQBugFix", "MQ2EQBugFix\MQ2EQBugFix.vcproj", "{E54BA220-23CD-4DB3-8883-A46898EBAEEB}"
	ProjectSection(ProjectDependencies) = postProject
		{2A0A06A4-E9C6-4229-82EE-BD2D4E0A7221} = {2A0A06A4-E9C6-4229-82EE-BD2D4E0A7221}
	EndProjectSection
EndProject
Project("{8BC9CEB8-8B4A-11D0-8D11-00A0C91BC942}") = "MQ2EQIM", "MQ2EQIM\MQ2EQIM.vcproj", "{C5A1D396-5B26-4E56-BD4E-0DE9BB21A55D}"
	ProjectSection(ProjectDependencies) = postProject
		{2A0A06A4-E9C6-4229-82EE-BD2D4E0A7221} = {2A0A06A4-E9C6-4229-82EE-BD2D4E0A7221}
	EndProjectSection
EndProject
Project("{8BC9CEB8-8B4A-11D0-8D11-00A0C91BC942}") = "MQ2HUD", "MQ2HUD\MQ2HUD.vcproj", "{F3077B9F-C8B6-441B-9A21-C76EA07CCE2B}"
	ProjectSection(ProjectDependencies) = postProject
		{2A0A06A4-E9C6-4229-82EE-BD2D4E0A7221} = {2A0A06A4-E9C6-4229-82EE-BD2D4E0A7221}
	EndProjectSection
EndProject
Project("{8BC9CEB8-8B4A-11D0-8D11-00A0C91BC942}") = "MQ2Irc", "MQ2Irc\MQ2IRC.vcproj", "{771A1150-0181-4EF6-AC07-6908D6C1487E}"
	ProjectSection(ProjectDependencies) = postProject
		{2A0A06A4-E9C6-4229-82EE-BD2D4E0A7221} = {2A0A06A4-E9C6-4229-82EE-BD2D4E0A7221}
	EndProjectSection
EndProject
Project("{8BC9CEB8-8B4A-11D0-8D11-00A0C91BC942}") = "MQ2ItemDisplay", "MQ2ItemDisplay\MQ2ItemDisplay.vcproj", "{89E1AF4C-8306-47B7-AE4E-8EBA2533A692}"
	ProjectSection(ProjectDependencies) = postProject
		{2A0A06A4-E9C6-4229-82EE-BD2D4E0A7221} = {2A0A06A4-E9C6-4229-82EE-BD2D4E0A7221}
	EndProjectSection
EndProject
Project("{8BC9CEB8-8B4A-11D0-8D11-00A0C91BC942}") = "MQ2Labels", "MQ2Labels\MQ2Labels.vcproj", "{56905CC5-A6C9-459D-BAE5-4EA89D3FE217}"
	ProjectSection(ProjectDependencies) = postProject
		{2A0A06A4-E9C6-4229-82EE-BD2D4E0A7221} = {2A0A06A4-E9C6-4229-82EE-BD2D4E0A7221}
	EndProjectSection
EndProject
Project("{8BC9CEB8-8B4A-11D0-8D11-00A0C91BC942}") = "MQ2Main", "MQ2Main\MQ2Main.vcproj", "{2A0A06A4-E9C6-4229-82EE-BD2D4E0A7221}"
EndProject
Project("{8BC9CEB8-8B4A-11D0-8D11-00A0C91BC942}") = "MQ2Map", "MQ2Map\MQ2Map.vcproj", "{2A288CBF-E4FA-4F58-B3F8-B4292912B64B}"
	ProjectSection(ProjectDependencies) = postProject
		{2A0A06A4-E9C6-4229-82EE-BD2D4E0A7221} = {2A0A06A4-E9C6-4229-82EE-BD2D4E0A7221}
	EndProjectSection
EndProject
Project("{8BC9CEB8-8B4A-11D0-8D11-00A0C91BC942}") = "MQ2Telnet", "mq2telnet\mq2telnet.vcproj", "{1DA0A350-C188-4810-B903-3B603CA2E7D7}"
	ProjectSection(ProjectDependencies) = postProject
		{2A0A06A4-E9C6-4229-82EE-BD2D4E0A7221} = {2A0A06A4-E9C6-4229-82EE-BD2D4E0A7221}
	EndProjectSection
EndProject
Project("{8BC9CEB8-8B4A-11D0-8D11-00A0C91BC942}") = "MQ2AutoSize", "MQ2AutoSize\MQ2AutoSize.vcproj", "{417EED1D-45F7-4A90-AE6E-7ED70336D009}"
EndProject
Project("{8BC9CEB8-8B4A-11D0-8D11-00A0C91BC942}") = "MQ2EQBC", "MQ2EQBC\MQ2EQBC.vcproj", "{1EF995BA-27A9-4ED0-A1F3-F0D621C735DE}"
EndProject
Project("{8BC9CEB8-8B4A-11D0-8D11-00A0C91BC942}") = "MQ2MoveUtils", "MQ2MoveUtils\MQ2MoveUtils.vcproj", "{72EA3E6A-8636-4377-965F-84FE4B9B78AD}"
EndProject
Project("{8BC9CEB8-8B4A-11D0-8D11-00A0C91BC942}") = "MQ2Twist", "MQ2Twist\MQ2Twist.vcproj", "{2A480ED6-3E6A-45BA-AE9D-86C96833F7BA}"
EndProject
Project("{8BC9CEB8-8B4A-11D0-8D11-00A0C91BC942}") = "MQ2Exchange", "MQ2Exchange\MQ2Exchange.vcproj", "{95F61A19-5748-4845-8DAA-10AC87694937}"
EndProject
Project("{8BC9CEB8-8B4A-11D0-8D11-00A0C91BC942}") = "MQ2NetAdvPath", "MQ2NetAdvPath\MQ2NetAdvPath.vcproj", "{9EAC6A95-0B6A-4ADC-AB05-628BABD6441F}"
EndProject
Project("{8BC9CEB8-8B4A-11D0-8D11-00A0C91BC942}") = "MQ2NetBots", "MQ2NetBots\MQ2NetBots.vcproj", "{C48403C4-14DB-4B22-95C2-D2F46B9A239C}"
EndProject
Project("{8BC9CEB8-8B4A-11D0-8D11-00A0C91BC942}") = "MQ2DataStructures", "MQ2DataStructures\MQ2DataStructures.vcproj", "{28F5439B-4A12-4319-B923-B7BD0A6A38C7}"
EndProject
Project("{8BC9CEB8-8B4A-11D0-8D11-00A0C91BC942}") = "MQ2EQBH", "MQ2EQBH\MQ2EQBH.vcproj", "{24067D87-6AD9-463F-86A2-3BA103DFBCEB}"
EndProject
Project("{8BC9CEB8-8B4A-11D0-8D11-00A0C91BC942}") = "MQ2Heal", "MQ2Heal\MQ2Heal.vcproj", "{39F9E6A2-18C7-42D5-A7E2-3312F8FDA60E}"
EndProject
Global
	GlobalSection(SolutionConfigurationPlatforms) = preSolution
		Release|Win32 = Release|Win32
	EndGlobalSection
	GlobalSection(ProjectConfigurationPlatforms) = postSolution
		{CA2BB0D6-789B-474D-88E5-55682945A14A}.Release|Win32.ActiveCfg = Release|Win32
		{CA2BB0D6-789B-474D-88E5-55682945A14A}.Release|Win32.Build.0 = Release|Win32
		{D43171FB-8208-4E52-860A-6BAE2A2FA573}.Release|Win32.ActiveCfg = Release|Win32
		{D43171FB-8208-4E52-860A-6BAE2A2FA573}.Release|Win32.Build.0 = Release|Win32
		{CC6170BA-FA88-4137-8CC1-7756EB4DAC8D}.Release|Win32.ActiveCfg = Release|Win32
		{CC6170BA-FA88-4137-8CC1-7756EB4DAC8D}.Release|Win32.Build.0 = Release|Win32
		{6647EF10-36F6-47B9-941A-9C7C366F338C}.Release|Win32.ActiveCfg = Release|Win32
		{6647EF10-36F6-47B9-941A-9C7C366F338C}.Release|Win32.Build.0 = Release|Win32
		{E54BA220-23CD-4DB3-8883-A46898EBAEEB}.Release|Win32.ActiveCfg = Release|Win32
		{E54BA220-23CD-4DB3-8883-A46898EBAEEB}.Release|Win32.Build.0 = Release|Win32
		{C5A1D396-5B26-4E56-BD4E-0DE9BB21A55D}.Release|Win32.ActiveCfg = Release|Win32
		{C5A1D396-5B26-4E56-BD4E-0DE9BB21A55D}.Release|Win32.Build.0 = Release|Win32
		{F3077B9F-C8B6-441B-9A21-C76EA07CCE2B}.Release|Win32.ActiveCfg = Release|Win32
		{F3077B9F-C8B6-441B-9A21-C76EA07CCE2B}.Release|Win32.Build.0 = Release|Win32
		{771A1150-0181-4EF6-AC07-6908D6C1487E}.Release|Win32.ActiveCfg = Release|Win32
		{771A1150-0181-4EF6-AC07-6908D6C1487E}.Release|Win32.Build.0 = Release|Win32
		{89E1AF4C-8306-47B7-AE4E-8EBA2533A692}.Release|Win32.ActiveCfg = Release|Win32
		{89E1AF4C-8306-47B7-AE4E-8EBA2533A692}.Release|Win32.Build.0 = Release|Win32
		{56905CC5-A6C9-459D-BAE5-4EA89D3FE217}.Release|Win32.ActiveCfg = Release|Win32
		{56905CC5-A6C9-459D-BAE5-4EA89D3FE217}.Release|Win32.Build.0 = Release|Win32
		{2A0A06A4-E9C6-4229-82EE-BD2D4E0A7221}.Release|Win32.ActiveCfg = Release|Win32
		{2A0A06A4-E9C6-4229-82EE-BD2D4E0A7221}.Release|Win32.Build.0 = Release|Win32
		{2A288CBF-E4FA-4F58-B3F8-B4292912B64B}.Release|Win32.ActiveCfg = Release|Win32
		{2A288CBF-E4FA-4F58-B3F8-B4292912B64B}.Release|Win32.Build.0 = Release|Win32
		{1DA0A350-C188-4810-B903-3B603CA2E7D7}.Release|Win32.ActiveCfg = Release|Win32
		{1DA0A350-C188-4810-B903-3B603CA2E7D7}.Release|Win32.Build.0 = Release|Win32
		{417EED1D-45F7-4A90-AE6E-7ED70336D009}.Release|Win32.ActiveCfg = Release|Win32
		{417EED1D-45F7-4A90-AE6E-7ED70336D009}.Release|Win32.Build.0 = Release|Win32
		{1EF995BA-27A9-4ED0-A1F3-F0D621C735DE}.Release|Win32.ActiveCfg = Release|Win32
		{1EF995BA-27A9-4ED0-A1F3-F0D621C735DE}.Release|Win32.Build.0 = Release|Win32
		{72EA3E6A-8636-4377-965F-84FE4B9B78AD}.Release|Win32.ActiveCfg = Release|Win32
		{72EA3E6A-8636-4377-965F-84FE4B9B78AD}.Release|Win32.Build.0 = Release|Win32
		{2A480ED6-3E6A-45BA-AE9D-86C96833F7BA}.Release|Win32.ActiveCfg = Release|Win32
		{2A480ED6-3E6A-45BA-AE9D-86C96833F7BA}.Release|Win32.Build.0 = Release|Win32
		{95F61A19-5748-4845-8DAA-10AC87694937}.Release|Win32.ActiveCfg = Release|Win32
		{95F61A19-5748-4845-8DAA-10AC87694937}.Release|Win32.Build.0 = Release|Win32
		{9EAC6A95-0B6A-4ADC-AB05-628BABD6441F}.Release|Win32.ActiveCfg = Release|Win32
		{9EAC6A95-0B6A-4ADC-AB05-628BABD6441F}.Release|Win32.Build.0 = Release|Win32
		{C48403C4-14DB-4B22-95C2-D2F46B9A239C}.Release|Win32.ActiveCfg = Release|Win32
		{C48403C4-14DB-4B22-95C2-D2F46B9A239C}.Release|Win32.Build.0 = Release|Win32
		{28F5439B-4A12-4319-B923-B7BD0A6A38C7}.Release|Win32.ActiveCfg = Release|Win32
		{28F5439B-4A12-4319-B923-B7BD0A6A38C7}.Release|Win32.Build.0 = Release|Win32
		{24067D87-6AD9-463F-86A2-3BA103DFBCEB}.Release|Win32.ActiveCfg = Release|Win32
		{24067D87-6AD9-463F-86A2-3BA103DFBCEB}.Release|Win32.Build.0 = Release|Win32
		{39F9E6A2-18C7-42D5-A7E2-3312F8FDA60E}.Release|Win32.ActiveCfg = Release|Win32
		{39F9E6A2-18C7-42D5-A7E2-3312F8FDA60E}.Release|Win32.Build.0 = Release|Win32
	EndGlobalSection
	GlobalSection(SolutionProperties) = preSolution
		HideSolutionNode = FALSE
	EndGlobalSection
EndGlobal
